
Microsoft Visual Studio Solution File, Format Version 12.00
# Visual Studio Version 16
VisualStudioVersion = 16.0.29609.76
MinimumVisualStudioVersion = 10.0.40219.1
Project("{FAE04EC0-301F-11D3-BF4B-00C04F79EFBC}") = "przepustki", "przepustki\przepustki.csproj", "{20A1D4C6-7410-4176-93F0-3D6E14B0C7BC}"
EndProject
Global
	GlobalSection(SolutionConfigurationPlatforms) = preSolution
		Debug|Any CPU = Debug|Any CPU
		Release|Any CPU = Release|Any CPU
	EndGlobalSection
	GlobalSection(ProjectConfigurationPlatforms) = postSolution
		{20A1D4C6-7410-4176-93F0-3D6E14B0C7BC}.Debug|Any CPU.ActiveCfg = Debug|Any CPU
		{20A1D4C6-7410-4176-93F0-3D6E14B0C7BC}.Debug|Any CPU.Build.0 = Debug|Any CPU
		{20A1D4C6-7410-4176-93F0-3D6E14B0C7BC}.Release|Any CPU.ActiveCfg = Release|Any CPU
		{20A1D4C6-7410-4176-93F0-3D6E14B0C7BC}.Release|Any CPU.Build.0 = Release|Any CPU
	EndGlobalSection
	GlobalSection(SolutionProperties) = preSolution
		HideSolutionNode = FALSE
	EndGlobalSection
	GlobalSection(ExtensibilityGlobals) = postSolution
		SolutionGuid = {03386680-8C02-4455-9B03-91315B1AD532}
	EndGlobalSection
EndGlobal
